
Microsoft Visual Studio Solution File, Format Version 12.00
# Visual Studio Version 16
VisualStudioVersion = 16.0.29509.3
MinimumVisualStudioVersion = 10.0.40219.1
Project("{FAE04EC0-301F-11D3-BF4B-00C04F79EFBC}") = "WindowsFormsApp1", "WindowsFormsApp1\WindowsFormsApp1.csproj", "{31DE7551-67D7-478E-8F00-E4366E8A9727}"
EndProject
Global
	GlobalSection(SolutionConfigurationPlatforms) = preSolution
		Debug|Any CPU = Debug|Any CPU
		Debug|x64 = Debug|x64
		Release|Any CPU = Release|Any CPU
		Release|x64 = Release|x64
	EndGlobalSection
	GlobalSection(ProjectConfigurationPlatforms) = postSolution
		{31DE7551-67D7-478E-8F00-E4366E8A9727}.Debug|Any CPU.ActiveCfg = Debug|Any CPU
		{31DE7551-67D7-478E-8F00-E4366E8A9727}.Debug|Any CPU.Build.0 = Debug|Any CPU
		{31DE7551-67D7-478E-8F00-E4366E8A9727}.Debug|x64.ActiveCfg = Debug|x64
		{31DE7551-67D7-478E-8F00-E4366E8A9727}.Debug|x64.Build.0 = Debug|x64
		{31DE7551-67D7-478E-8F00-E4366E8A9727}.Release|Any CPU.ActiveCfg = Release|Any CPU
		{31DE7551-67D7-478E-8F00-E4366E8A9727}.Release|Any CPU.Build.0 = Release|Any CPU
		{31DE7551-67D7-478E-8F00-E4366E8A9727}.Release|x64.ActiveCfg = Release|x64
		{31DE7551-67D7-478E-8F00-E4366E8A9727}.Release|x64.Build.0 = Release|x64
	EndGlobalSection
	GlobalSection(SolutionProperties) = preSolution
		HideSolutionNode = FALSE
	EndGlobalSection
	GlobalSection(ExtensibilityGlobals) = postSolution
		SolutionGuid = {C0B6DEBF-F9EF-4DF5-938A-3D3AFBDF69B5}
	EndGlobalSection
EndGlobal
